
Microsoft Visual Studio Solution File, Format Version 12.00
# Visual Studio Version 17
VisualStudioVersion = 17.4.33213.308
MinimumVisualStudioVersion = 10.0.40219.1
Project("{9A19103F-16F7-4668-BE54-9A1E7A4F7556}") = "RetryCore", "src\RetryCore\RetryCore.csproj", "{94A93853-7F67-42DD-A4BF-49E17B89C7A2}"
EndProject
Project("{2150E333-8FDC-42A3-9474-1A3956D46DE8}") = "src", "src", "{4204EE60-2D20-4881-B2DF-A7ACE8189F91}"
EndProject
Project("{2150E333-8FDC-42A3-9474-1A3956D46DE8}") = "test", "test", "{CA49A545-88C9-4B02-95C2-C7574E0A0443}"
EndProject
Project("{FAE04EC0-301F-11D3-BF4B-00C04F79EFBC}") = "RetryCore.Tests", "test\RetryCore.Tests\RetryCore.Tests.csproj", "{7D9E683D-2025-4060-8B16-34E1924CC4D9}"
EndProject
Global
	GlobalSection(SolutionConfigurationPlatforms) = preSolution
		Debug|Any CPU = Debug|Any CPU
		Release|Any CPU = Release|Any CPU
	EndGlobalSection
	GlobalSection(ProjectConfigurationPlatforms) = postSolution
		{94A93853-7F67-42DD-A4BF-49E17B89C7A2}.Debug|Any CPU.ActiveCfg = Debug|Any CPU
		{94A93853-7F67-42DD-A4BF-49E17B89C7A2}.Debug|Any CPU.Build.0 = Debug|Any CPU
		{94A93853-7F67-42DD-A4BF-49E17B89C7A2}.Release|Any CPU.ActiveCfg = Release|Any CPU
		{94A93853-7F67-42DD-A4BF-49E17B89C7A2}.Release|Any CPU.Build.0 = Release|Any CPU
		{7D9E683D-2025-4060-8B16-34E1924CC4D9}.Debug|Any CPU.ActiveCfg = Debug|Any CPU
		{7D9E683D-2025-4060-8B16-34E1924CC4D9}.Debug|Any CPU.Build.0 = Debug|Any CPU
		{7D9E683D-2025-4060-8B16-34E1924CC4D9}.Release|Any CPU.ActiveCfg = Release|Any CPU
		{7D9E683D-2025-4060-8B16-34E1924CC4D9}.Release|Any CPU.Build.0 = Release|Any CPU
	EndGlobalSection
	GlobalSection(SolutionProperties) = preSolution
		HideSolutionNode = FALSE
	EndGlobalSection
	GlobalSection(NestedProjects) = preSolution
		{94A93853-7F67-42DD-A4BF-49E17B89C7A2} = {4204EE60-2D20-4881-B2DF-A7ACE8189F91}
		{7D9E683D-2025-4060-8B16-34E1924CC4D9} = {CA49A545-88C9-4B02-95C2-C7574E0A0443}
	EndGlobalSection
	GlobalSection(ExtensibilityGlobals) = postSolution
		SolutionGuid = {346813CC-C23B-4414-90F8-01EC426CBA56}
	EndGlobalSection
EndGlobal
